
Microsoft Visual Studio Solution File, Format Version 12.00
# Visual Studio Version 16
VisualStudioVersion = 16.0.31321.278
MinimumVisualStudioVersion = 10.0.40219.1
Project("{FAE04EC0-301F-11D3-BF4B-00C04F79EFBC}") = "IfStatements", "IfStatements.csproj", "{7411EF6C-2A24-4433-9889-EE355B424103}"
EndProject
Global
	GlobalSection(SolutionConfigurationPlatforms) = preSolution
		Debug|x64 = Debug|x64
		Release|x64 = Release|x64
	EndGlobalSection
	GlobalSection(ProjectConfigurationPlatforms) = postSolution
		{7411EF6C-2A24-4433-9889-EE355B424103}.Debug|x64.ActiveCfg = Debug|x64
		{7411EF6C-2A24-4433-9889-EE355B424103}.Debug|x64.Build.0 = Debug|x64
		{7411EF6C-2A24-4433-9889-EE355B424103}.Release|x64.ActiveCfg = Release|x64
		{7411EF6C-2A24-4433-9889-EE355B424103}.Release|x64.Build.0 = Release|x64
	EndGlobalSection
	GlobalSection(SolutionProperties) = preSolution
		HideSolutionNode = FALSE
	EndGlobalSection
	GlobalSection(ExtensibilityGlobals) = postSolution
		SolutionGuid = {2564F4F5-3974-4AEA-98A9-FEA266958F30}
	EndGlobalSection
EndGlobal
